Microsoft Visual Studio Solution File, Format Version 12.00
# Visual Studio Version 17
VisualStudioVersion = 17.5.2.0
MinimumVisualStudioVersion = 10.0.40219.1
Project("{FAE04EC0-301F-11D3-BF4B-00C04F79EFBC}") = "MissedLoadsApi", "MissedLoadsApi.csproj", "{9488619C-6BFC-A141-E0B1-1301F4DA6893}"
EndProject
Global
	GlobalSection(SolutionConfigurationPlatforms) = preSolution
		Debug|Any CPU = Debug|Any CPU
		Release|Any CPU = Release|Any CPU
	EndGlobalSection
	GlobalSection(ProjectConfigurationPlatforms) = postSolution
		{9488619C-6BFC-A141-E0B1-1301F4DA6893}.Debug|Any CPU.ActiveCfg = Debug|Any CPU
		{9488619C-6BFC-A141-E0B1-1301F4DA6893}.Debug|Any CPU.Build.0 = Debug|Any CPU
		{9488619C-6BFC-A141-E0B1-1301F4DA6893}.Release|Any CPU.ActiveCfg = Release|Any CPU
		{9488619C-6BFC-A141-E0B1-1301F4DA6893}.Release|Any CPU.Build.0 = Release|Any CPU
	EndGlobalSection
	GlobalSection(SolutionProperties) = preSolution
		HideSolutionNode = FALSE
	EndGlobalSection
	GlobalSection(ExtensibilityGlobals) = postSolution
		SolutionGuid = {F11C904B-DCAF-466B-90F7-34E8033D5DEF}
	EndGlobalSection
EndGlobal
